
Microsoft Visual Studio Solution File, Format Version 12.00
# Visual Studio Version 17
VisualStudioVersion = 17.4.33122.133
MinimumVisualStudioVersion = 10.0.40219.1
Project("{9A19103F-16F7-4668-BE54-9A1E7A4F7556}") = "backend", "backend.csproj", "{13CC6785-B597-48FE-9E99-2FBE07542FB6}"
EndProject
Global
	GlobalSection(SolutionConfigurationPlatforms) = preSolution
		Debug|Any CPU = Debug|Any CPU
		Release|Any CPU = Release|Any CPU
	EndGlobalSection
	GlobalSection(ProjectConfigurationPlatforms) = postSolution
		{13CC6785-B597-48FE-9E99-2FBE07542FB6}.Debug|Any CPU.ActiveCfg = Debug|Any CPU
		{13CC6785-B597-48FE-9E99-2FBE07542FB6}.Debug|Any CPU.Build.0 = Debug|Any CPU
		{13CC6785-B597-48FE-9E99-2FBE07542FB6}.Release|Any CPU.ActiveCfg = Release|Any CPU
		{13CC6785-B597-48FE-9E99-2FBE07542FB6}.Release|Any CPU.Build.0 = Release|Any CPU
	EndGlobalSection
	GlobalSection(SolutionProperties) = preSolution
		HideSolutionNode = FALSE
	EndGlobalSection
	GlobalSection(ExtensibilityGlobals) = postSolution
		SolutionGuid = {21EBB7D2-44C4-4ACC-9AF8-09076C3A3879}
	EndGlobalSection
EndGlobal
